# @generated by Move, please check-in and do not edit manually.

[move]
version = 3
manifest_digest = "82190F710DBDA3D5E071B82B188495C58D49A7898AB3882A14F3E4941741739D"
deps_digest = "F8BBB0CCB2491CA29A3DF03D6F92277A4F3574266507ACD77214D37ECA3F3082"
dependencies = [
  { id = "Sui", name = "Sui" },
]

[[move.package]]
id = "MoveStdlib"
source = { git = "https://github.com/MystenLabs/sui.git", rev = "testnet-v1.44.3", subdir = "crates/sui-framework/packages/move-stdlib" }

[[move.package]]
id = "Sui"
source = { git = "https://github.com/MystenLabs/sui.git", rev = "testnet-v1.44.3", subdir = "crates/sui-framework/packages/sui-framework" }

dependencies = [
  { id = "MoveStdlib", name = "MoveStdlib" },
]

[move.toolchain-version]
compiler-version = "1.58.2"
edition = "2024.beta"
flavor = "sui"

[env]

[env.testnet]
chain-id = "4c78adac"
original-published-id = "0xa7e134eed9b3728fef06aa1cd14a4e6f056c890b28e857afcb3aaeb1cebd17f9"
latest-published-id = "0xa7e134eed9b3728fef06aa1cd14a4e6f056c890b28e857afcb3aaeb1cebd17f9"
published-version = "1"
